// !$*UTF8*$!
{
	archiveVersion = 1;
	classes = {
	};
	objectVersion = 56;
	objects = {

/* Begin PBXBuildFile section */
		853561342BD47D6B00B688C3 /* FeedBackView.swift in Sources */ = {isa = PBXBuildFile; fileRef = 853561332BD47D6B00B688C3 /* FeedBackView.swift */; };
		857EFBCF2BD3BCD00033ECEB /* OpenTDS in Frameworks */ = {isa = PBXBuildFile; productRef = 857EFBCE2BD3BCD00033ECEB /* OpenTDS */; };
		857EFBD62BD3C6300033ECEB /* MainTabView.swift in Sources */ = {isa = PBXBuildFile; fileRef = 857EFBD52BD3C6300033ECEB /* MainTabView.swift */; };
		857EFBD92BD3C6840033ECEB /* HomeView.swift in Sources */ = {isa = PBXBuildFile; fileRef = 857EFBD82BD3C6840033ECEB /* HomeView.swift */; };
		857EFBEF2BD3C7660033ECEB /* Font.swift in Sources */ = {isa = PBXBuildFile; fileRef = 857EFBEE2BD3C7660033ECEB /* Font.swift */; };
		857EFBF42BD3CAD70033ECEB /* RecodeChatView.swift in Sources */ = {isa = PBXBuildFile; fileRef = 857EFBF32BD3CAD70033ECEB /* RecodeChatView.swift */; };
		857EFBF72BD3CBC20033ECEB /* InfoView.swift in Sources */ = {isa = PBXBuildFile; fileRef = 857EFBF62BD3CBC20033ECEB /* InfoView.swift */; };
		857EFBFA2BD3CC110033ECEB /* MyPageView.swift in Sources */ = {isa = PBXBuildFile; fileRef = 857EFBF92BD3CC110033ECEB /* MyPageView.swift */; };
		857EFBFC2BD3CCA30033ECEB /* FlashView.swift in Sources */ = {isa = PBXBuildFile; fileRef = 857EFBFB2BD3CCA30033ECEB /* FlashView.swift */; };
		857EFC092BD3D6FD0033ECEB /* CustomTextField.swift in Sources */ = {isa = PBXBuildFile; fileRef = 857EFC082BD3D6FD0033ECEB /* CustomTextField.swift */; };
		857EFC0B2BD3DB230033ECEB /* HomeViewModel.swift in Sources */ = {isa = PBXBuildFile; fileRef = 857EFC0A2BD3DB230033ECEB /* HomeViewModel.swift */; };
		857EFC0D2BD3DBA00033ECEB /* AfterChat.swift in Sources */ = {isa = PBXBuildFile; fileRef = 857EFC0C2BD3DBA00033ECEB /* AfterChat.swift */; };
		857EFC102BD3EB500033ECEB /* SetNameViewModel.swift in Sources */ = {isa = PBXBuildFile; fileRef = 857EFC0F2BD3EB500033ECEB /* SetNameViewModel.swift */; };
		857EFC122BD3EB550033ECEB /* SetNameView.swift in Sources */ = {isa = PBXBuildFile; fileRef = 857EFC112BD3EB550033ECEB /* SetNameView.swift */; };
		857EFC152BD3EBC70033ECEB /* SetAgeView.swift in Sources */ = {isa = PBXBuildFile; fileRef = 857EFC142BD3EBC70033ECEB /* SetAgeView.swift */; };
		857EFC172BD3EBE90033ECEB /* SetAgeViewModel.swift in Sources */ = {isa = PBXBuildFile; fileRef = 857EFC162BD3EBE90033ECEB /* SetAgeViewModel.swift */; };
		857EFC1A2BD3F09C0033ECEB /* CustomOreangeButtonStyle.swift in Sources */ = {isa = PBXBuildFile; fileRef = 857EFC192BD3F09C0033ECEB /* CustomOreangeButtonStyle.swift */; };
		857EFC882BD3FC480033ECEB /* SUIT-Bold.ttf in Resources */ = {isa = PBXBuildFile; fileRef = 857EFC7D2BD3FC480033ECEB /* SUIT-Bold.ttf */; };
		857EFC892BD3FC480033ECEB /* SUIT-ExtraBold.ttf in Resources */ = {isa = PBXBuildFile; fileRef = 857EFC7E2BD3FC480033ECEB /* SUIT-ExtraBold.ttf */; };
		857EFC8A2BD3FC480033ECEB /* SUIT-ExtraLight.ttf in Resources */ = {isa = PBXBuildFile; fileRef = 857EFC7F2BD3FC480033ECEB /* SUIT-ExtraLight.ttf */; };
		857EFC8B2BD3FC480033ECEB /* SUIT-Heavy.ttf in Resources */ = {isa = PBXBuildFile; fileRef = 857EFC802BD3FC480033ECEB /* SUIT-Heavy.ttf */; };
		857EFC8C2BD3FC480033ECEB /* SUIT-Light.ttf in Resources */ = {isa = PBXBuildFile; fileRef = 857EFC812BD3FC480033ECEB /* SUIT-Light.ttf */; };
		857EFC8D2BD3FC480033ECEB /* SUIT-Medium.ttf in Resources */ = {isa = PBXBuildFile; fileRef = 857EFC822BD3FC480033ECEB /* SUIT-Medium.ttf */; };
		857EFC8E2BD3FC480033ECEB /* SUIT-Regular.ttf in Resources */ = {isa = PBXBuildFile; fileRef = 857EFC832BD3FC480033ECEB /* SUIT-Regular.ttf */; };
		857EFC8F2BD3FC480033ECEB /* SUIT-SemiBold.ttf in Resources */ = {isa = PBXBuildFile; fileRef = 857EFC842BD3FC480033ECEB /* SUIT-SemiBold.ttf */; };
		857EFC902BD3FC480033ECEB /* SUIT-Thin.ttf in Resources */ = {isa = PBXBuildFile; fileRef = 857EFC852BD3FC480033ECEB /* SUIT-Thin.ttf */; };
		857EFC932BD404930033ECEB /* SetGenderView.swift in Sources */ = {isa = PBXBuildFile; fileRef = 857EFC922BD404930033ECEB /* SetGenderView.swift */; };
		857EFC952BD404B30033ECEB /* SetGenderViewModel.swift in Sources */ = {isa = PBXBuildFile; fileRef = 857EFC942BD404B30033ECEB /* SetGenderViewModel.swift */; };
		857EFC972BD406030033ECEB /* AnimationMode.swift in Sources */ = {isa = PBXBuildFile; fileRef = 857EFC962BD406030033ECEB /* AnimationMode.swift */; };
		857EFC9A2BD40DFF0033ECEB /* WantOtherUserView.swift in Sources */ = {isa = PBXBuildFile; fileRef = 857EFC992BD40DFF0033ECEB /* WantOtherUserView.swift */; };
		857EFC9C2BD40EC10033ECEB /* WantOtherUserViewModel.swift in Sources */ = {isa = PBXBuildFile; fileRef = 857EFC9B2BD40EC10033ECEB /* WantOtherUserViewModel.swift */; };
		857EFC9E2BD415870033ECEB /* Text.swift in Sources */ = {isa = PBXBuildFile; fileRef = 857EFC9D2BD415870033ECEB /* Text.swift */; };
		857EFCAE2BD42FE90033ECEB /* SetOtherUserGenderView.swift in Sources */ = {isa = PBXBuildFile; fileRef = 857EFCAD2BD42FE90033ECEB /* SetOtherUserGenderView.swift */; };
		857EFCB02BD42FFA0033ECEB /* SetOtherUserGenderViewModel.swift in Sources */ = {isa = PBXBuildFile; fileRef = 857EFCAF2BD42FFA0033ECEB /* SetOtherUserGenderViewModel.swift */; };
		857EFCB32BD430930033ECEB /* SetOtherUserMbtiView.swift in Sources */ = {isa = PBXBuildFile; fileRef = 857EFCB22BD430930033ECEB /* SetOtherUserMbtiView.swift */; };
		857EFCB52BD430A70033ECEB /* SetOtherUserMbtiViewModel.swift in Sources */ = {isa = PBXBuildFile; fileRef = 857EFCB42BD430A70033ECEB /* SetOtherUserMbtiViewModel.swift */; };
		857EFCB62BD434C60033ECEB /* SetOtherUserAgeView.swift in Sources */ = {isa = PBXBuildFile; fileRef = 857EFCAA2BD42FAB0033ECEB /* SetOtherUserAgeView.swift */; };
		857EFCB72BD434C60033ECEB /* SetOtherUserAgeViewModel.swift in Sources */ = {isa = PBXBuildFile; fileRef = 857EFCA82BD42FAB0033ECEB /* SetOtherUserAgeViewModel.swift */; };
		857EFCB82BD434C60033ECEB /* SliderHendle.swift in Sources */ = {isa = PBXBuildFile; fileRef = 857EFCA92BD42FAB0033ECEB /* SliderHendle.swift */; };
		857EFCBB2BD439530033ECEB /* SetOtherUserCurrentRelationshipView.swift in Sources */ = {isa = PBXBuildFile; fileRef = 857EFCBA2BD439530033ECEB /* SetOtherUserCurrentRelationshipView.swift */; };
		857EFCBD2BD439640033ECEB /* SetOtherUserCurrentRelationshipViewModel.swift in Sources */ = {isa = PBXBuildFile; fileRef = 857EFCBC2BD439640033ECEB /* SetOtherUserCurrentRelationshipViewModel.swift */; };
		857EFCC02BD439BB0033ECEB /* SetOtherUserDevelopDevelopRelationshipView.swift in Sources */ = {isa = PBXBuildFile; fileRef = 857EFCBF2BD439BB0033ECEB /* SetOtherUserDevelopDevelopRelationshipView.swift */; };
		857EFCC22BD439CD0033ECEB /* SetOtherUserDevelopDevelopRelationshipModel.swift in Sources */ = {isa = PBXBuildFile; fileRef = 857EFCC12BD439CD0033ECEB /* SetOtherUserDevelopDevelopRelationshipModel.swift */; };
		857EFCC52BD43A1E0033ECEB /* WentPoliteWordView.swift in Sources */ = {isa = PBXBuildFile; fileRef = 857EFCC42BD43A1E0033ECEB /* WentPoliteWordView.swift */; };
		857EFCC72BD43A250033ECEB /* WentPoliteWordViewModel.swift in Sources */ = {isa = PBXBuildFile; fileRef = 857EFCC62BD43A250033ECEB /* WentPoliteWordViewModel.swift */; };
		857EFCCD2BD4544D0033ECEB /* CreatedView.swift in Sources */ = {isa = PBXBuildFile; fileRef = 857EFCCC2BD4544D0033ECEB /* CreatedView.swift */; };
		857EFCCF2BD454810033ECEB /* CreatedViewModel.swift in Sources */ = {isa = PBXBuildFile; fileRef = 857EFCCE2BD454810033ECEB /* CreatedViewModel.swift */; };
		857EFCD12BD455FC0033ECEB /* Created.swift in Sources */ = {isa = PBXBuildFile; fileRef = 857EFCD02BD455FC0033ECEB /* Created.swift */; };
		857EFCDA2BD461DA0033ECEB /* User.swift in Sources */ = {isa = PBXBuildFile; fileRef = 857EFCD82BD461D90033ECEB /* User.swift */; };
		857EFCDB2BD461DA0033ECEB /* ChatId.swift in Sources */ = {isa = PBXBuildFile; fileRef = 857EFCD92BD461D90033ECEB /* ChatId.swift */; };
		857EFCDD2BD4644C0033ECEB /* TalkView.swift in Sources */ = {isa = PBXBuildFile; fileRef = 857EFCDC2BD4644C0033ECEB /* TalkView.swift */; };
		857EFCE02BD464620033ECEB /* TalkViewModel.swift in Sources */ = {isa = PBXBuildFile; fileRef = 857EFCDF2BD464620033ECEB /* TalkViewModel.swift */; };
		85DBABD52BD39EAE004888E0 /* DatingSimulationApp.swift in Sources */ = {isa = PBXBuildFile; fileRef = 85DBABD42BD39EAE004888E0 /* DatingSimulationApp.swift */; };
		85DBABD72BD39EAE004888E0 /* ContentView.swift in Sources */ = {isa = PBXBuildFile; fileRef = 85DBABD62BD39EAE004888E0 /* ContentView.swift */; };
		85DBABD92BD39EAF004888E0 /* Assets.xcassets in Resources */ = {isa = PBXBuildFile; fileRef = 85DBABD82BD39EAF004888E0 /* Assets.xcassets */; };
		85DBABDC2BD39EAF004888E0 /* Preview Assets.xcassets in Resources */ = {isa = PBXBuildFile; fileRef = 85DBABDB2BD39EAF004888E0 /* Preview Assets.xcassets */; };
		85DBABE42BD3A061004888E0 /* Alamofire in Frameworks */ = {isa = PBXBuildFile; productRef = 85DBABE32BD3A061004888E0 /* Alamofire */; };
		85DBABEC2BD3A11A004888E0 /* FlowKit in Frameworks */ = {isa = PBXBuildFile; productRef = 85DBABEB2BD3A11A004888E0 /* FlowKit */; };
/* End PBXBuildFile section */

/* Begin PBXFileReference section */
		853561332BD47D6B00B688C3 /* FeedBackView.swift */ = {isa = PBXFileReference; lastKnownFileType = sourcecode.swift; path = FeedBackView.swift; sourceTree = "<group>"; };
		857EFBD52BD3C6300033ECEB /* MainTabView.swift */ = {isa = PBXFileReference; lastKnownFileType = sourcecode.swift; path = MainTabView.swift; sourceTree = "<group>"; };
		857EFBD82BD3C6840033ECEB /* HomeView.swift */ = {isa = PBXFileReference; lastKnownFileType = sourcecode.swift; path = HomeView.swift; sourceTree = "<group>"; };
		857EFBEE2BD3C7660033ECEB /* Font.swift */ = {isa = PBXFileReference; lastKnownFileType = sourcecode.swift; path = Font.swift; sourceTree = "<group>"; };
		857EFBF32BD3CAD70033ECEB /* RecodeChatView.swift */ = {isa = PBXFileReference; lastKnownFileType = sourcecode.swift; path = RecodeChatView.swift; sourceTree = "<group>"; };
		857EFBF62BD3CBC20033ECEB /* InfoView.swift */ = {isa = PBXFileReference; lastKnownFileType = sourcecode.swift; path = InfoView.swift; sourceTree = "<group>"; };
		857EFBF92BD3CC110033ECEB /* MyPageView.swift */ = {isa = PBXFileReference; lastKnownFileType = sourcecode.swift; path = MyPageView.swift; sourceTree = "<group>"; };
		857EFBFB2BD3CCA30033ECEB /* FlashView.swift */ = {isa = PBXFileReference; lastKnownFileType = sourcecode.swift; path = FlashView.swift; sourceTree = "<group>"; };
		857EFC082BD3D6FD0033ECEB /* CustomTextField.swift */ = {isa = PBXFileReference; lastKnownFileType = sourcecode.swift; path = CustomTextField.swift; sourceTree = "<group>"; };
		857EFC0A2BD3DB230033ECEB /* HomeViewModel.swift */ = {isa = PBXFileReference; lastKnownFileType = sourcecode.swift; path = HomeViewModel.swift; sourceTree = "<group>"; };
		857EFC0C2BD3DBA00033ECEB /* AfterChat.swift */ = {isa = PBXFileReference; lastKnownFileType = sourcecode.swift; path = AfterChat.swift; sourceTree = "<group>"; };
		857EFC0F2BD3EB500033ECEB /* SetNameViewModel.swift */ = {isa = PBXFileReference; lastKnownFileType = sourcecode.swift; path = SetNameViewModel.swift; sourceTree = "<group>"; };
		857EFC112BD3EB550033ECEB /* SetNameView.swift */ = {isa = PBXFileReference; lastKnownFileType = sourcecode.swift; path = SetNameView.swift; sourceTree = "<group>"; };
		857EFC142BD3EBC70033ECEB /* SetAgeView.swift */ = {isa = PBXFileReference; lastKnownFileType = sourcecode.swift; path = SetAgeView.swift; sourceTree = "<group>"; };
		857EFC162BD3EBE90033ECEB /* SetAgeViewModel.swift */ = {isa = PBXFileReference; lastKnownFileType = sourcecode.swift; path = SetAgeViewModel.swift; sourceTree = "<group>"; };
		857EFC192BD3F09C0033ECEB /* CustomOreangeButtonStyle.swift */ = {isa = PBXFileReference; lastKnownFileType = sourcecode.swift; path = CustomOreangeButtonStyle.swift; sourceTree = "<group>"; };
		857EFC1C2BD3F5CB0033ECEB /* Info.plist */ = {isa = PBXFileReference; lastKnownFileType = text.plist; path = Info.plist; sourceTree = "<group>"; };
		857EFC7D2BD3FC480033ECEB /* SUIT-Bold.ttf */ = {isa = PBXFileReference; lastKnownFileType = file; path = "SUIT-Bold.ttf"; sourceTree = "<group>"; };
		857EFC7E2BD3FC480033ECEB /* SUIT-ExtraBold.ttf */ = {isa = PBXFileReference; lastKnownFileType = file; path = "SUIT-ExtraBold.ttf"; sourceTree = "<group>"; };
		857EFC7F2BD3FC480033ECEB /* SUIT-ExtraLight.ttf */ = {isa = PBXFileReference; lastKnownFileType = file; path = "SUIT-ExtraLight.ttf"; sourceTree = "<group>"; };
		857EFC802BD3FC480033ECEB /* SUIT-Heavy.ttf */ = {isa = PBXFileReference; lastKnownFileType = file; path = "SUIT-Heavy.ttf"; sourceTree = "<group>"; };
		857EFC812BD3FC480033ECEB /* SUIT-Light.ttf */ = {isa = PBXFileReference; lastKnownFileType = file; path = "SUIT-Light.ttf"; sourceTree = "<group>"; };
		857EFC822BD3FC480033ECEB /* SUIT-Medium.ttf */ = {isa = PBXFileReference; lastKnownFileType = file; path = "SUIT-Medium.ttf"; sourceTree = "<group>"; };
		857EFC832BD3FC480033ECEB /* SUIT-Regular.ttf */ = {isa = PBXFileReference; lastKnownFileType = file; path = "SUIT-Regular.ttf"; sourceTree = "<group>"; };
		857EFC842BD3FC480033ECEB /* SUIT-SemiBold.ttf */ = {isa = PBXFileReference; lastKnownFileType = file; path = "SUIT-SemiBold.ttf"; sourceTree = "<group>"; };
		857EFC852BD3FC480033ECEB /* SUIT-Thin.ttf */ = {isa = PBXFileReference; lastKnownFileType = file; path = "SUIT-Thin.ttf"; sourceTree = "<group>"; };
		857EFC922BD404930033ECEB /* SetGenderView.swift */ = {isa = PBXFileReference; lastKnownFileType = sourcecode.swift; name = SetGenderView.swift; path = ../../../../../../../../Desktop/SetGenderView.swift; sourceTree = "<group>"; };
		857EFC942BD404B30033ECEB /* SetGenderViewModel.swift */ = {isa = PBXFileReference; lastKnownFileType = sourcecode.swift; name = SetGenderViewModel.swift; path = ../../../../../../../../Desktop/SetGenderViewModel.swift; sourceTree = "<group>"; };
		857EFC962BD406030033ECEB /* AnimationMode.swift */ = {isa = PBXFileReference; lastKnownFileType = sourcecode.swift; name = AnimationMode.swift; path = ../../../../../../../../Desktop/AnimationMode.swift; sourceTree = "<group>"; };
		857EFC992BD40DFF0033ECEB /* WantOtherUserView.swift */ = {isa = PBXFileReference; lastKnownFileType = sourcecode.swift; name = WantOtherUserView.swift; path = ../../../../../../../../Desktop/WantOtherUserView.swift; sourceTree = "<group>"; };
		857EFC9B2BD40EC10033ECEB /* WantOtherUserViewModel.swift */ = {isa = PBXFileReference; lastKnownFileType = sourcecode.swift; name = WantOtherUserViewModel.swift; path = ../../../../../../../../Desktop/WantOtherUserViewModel.swift; sourceTree = "<group>"; };
		857EFC9D2BD415870033ECEB /* Text.swift */ = {isa = PBXFileReference; lastKnownFileType = sourcecode.swift; name = Text.swift; path = ../../../../../../../Desktop/Text.swift; sourceTree = "<group>"; };
		857EFCA82BD42FAB0033ECEB /* SetOtherUserAgeViewModel.swift */ = {isa = PBXFileReference; lastKnownFileType = sourcecode.swift; path = SetOtherUserAgeViewModel.swift; sourceTree = "<group>"; };
		857EFCA92BD42FAB0033ECEB /* SliderHendle.swift */ = {isa = PBXFileReference; lastKnownFileType = sourcecode.swift; path = SliderHendle.swift; sourceTree = "<group>"; };
		857EFCAA2BD42FAB0033ECEB /* SetOtherUserAgeView.swift */ = {isa = PBXFileReference; lastKnownFileType = sourcecode.swift; path = SetOtherUserAgeView.swift; sourceTree = "<group>"; };
		857EFCAD2BD42FE90033ECEB /* SetOtherUserGenderView.swift */ = {isa = PBXFileReference; lastKnownFileType = sourcecode.swift; name = SetOtherUserGenderView.swift; path = ../../../../../../../../Desktop/SetOtherUserGenderView.swift; sourceTree = "<group>"; };
		857EFCAF2BD42FFA0033ECEB /* SetOtherUserGenderViewModel.swift */ = {isa = PBXFileReference; lastKnownFileType = sourcecode.swift; name = SetOtherUserGenderViewModel.swift; path = ../../../../../../../../Desktop/SetOtherUserGenderViewModel.swift; sourceTree = "<group>"; };
		857EFCB22BD430930033ECEB /* SetOtherUserMbtiView.swift */ = {isa = PBXFileReference; lastKnownFileType = sourcecode.swift; name = SetOtherUserMbtiView.swift; path = ../../../../../../../../Desktop/SetOtherUserMbtiView.swift; sourceTree = "<group>"; };
		857EFCB42BD430A70033ECEB /* SetOtherUserMbtiViewModel.swift */ = {isa = PBXFileReference; lastKnownFileType = sourcecode.swift; name = SetOtherUserMbtiViewModel.swift; path = ../../../../../../../../Desktop/SetOtherUserMbtiViewModel.swift; sourceTree = "<group>"; };
		857EFCBA2BD439530033ECEB /* SetOtherUserCurrentRelationshipView.swift */ = {isa = PBXFileReference; lastKnownFileType = sourcecode.swift; name = SetOtherUserCurrentRelationshipView.swift; path = ../../../../../../../../Desktop/SetOtherUserCurrentRelationshipView.swift; sourceTree = "<group>"; };
		857EFCBC2BD439640033ECEB /* SetOtherUserCurrentRelationshipViewModel.swift */ = {isa = PBXFileReference; lastKnownFileType = sourcecode.swift; name = SetOtherUserCurrentRelationshipViewModel.swift; path = ../../../../../../../../Desktop/SetOtherUserCurrentRelationshipViewModel.swift; sourceTree = "<group>"; };
		857EFCBF2BD439BB0033ECEB /* SetOtherUserDevelopDevelopRelationshipView.swift */ = {isa = PBXFileReference; lastKnownFileType = sourcecode.swift; name = SetOtherUserDevelopDevelopRelationshipView.swift; path = ../../../../../../../../Desktop/SetOtherUserDevelopDevelopRelationshipView.swift; sourceTree = "<group>"; };
		857EFCC12BD439CD0033ECEB /* SetOtherUserDevelopDevelopRelationshipModel.swift */ = {isa = PBXFileReference; lastKnownFileType = sourcecode.swift; name = SetOtherUserDevelopDevelopRelationshipModel.swift; path = ../../../../../../../../Desktop/SetOtherUserDevelopDevelopRelationshipModel.swift; sourceTree = "<group>"; };
		857EFCC42BD43A1E0033ECEB /* WentPoliteWordView.swift */ = {isa = PBXFileReference; lastKnownFileType = sourcecode.swift; name = WentPoliteWordView.swift; path = ../../../../../../../../Desktop/WentPoliteWordView.swift; sourceTree = "<group>"; };
		857EFCC62BD43A250033ECEB /* WentPoliteWordViewModel.swift */ = {isa = PBXFileReference; lastKnownFileType = sourcecode.swift; name = WentPoliteWordViewModel.swift; path = ../../../../../../../../Desktop/WentPoliteWordViewModel.swift; sourceTree = "<group>"; };
		857EFCCC2BD4544D0033ECEB /* CreatedView.swift */ = {isa = PBXFileReference; lastKnownFileType = sourcecode.swift; name = CreatedView.swift; path = ../../../../../../../../Desktop/CreatedView.swift; sourceTree = "<group>"; };
		857EFCCE2BD454810033ECEB /* CreatedViewModel.swift */ = {isa = PBXFileReference; lastKnownFileType = sourcecode.swift; name = CreatedViewModel.swift; path = ../../../../../../../../Desktop/CreatedViewModel.swift; sourceTree = "<group>"; };
		857EFCD02BD455FC0033ECEB /* Created.swift */ = {isa = PBXFileReference; lastKnownFileType = sourcecode.swift; name = Created.swift; path = ../../../../../../../../Desktop/Created.swift; sourceTree = "<group>"; };
		857EFCD82BD461D90033ECEB /* User.swift */ = {isa = PBXFileReference; lastKnownFileType = sourcecode.swift; path = User.swift; sourceTree = "<group>"; };
		857EFCD92BD461D90033ECEB /* ChatId.swift */ = {isa = PBXFileReference; lastKnownFileType = sourcecode.swift; path = ChatId.swift; sourceTree = "<group>"; };
		857EFCDC2BD4644C0033ECEB /* TalkView.swift */ = {isa = PBXFileReference; lastKnownFileType = sourcecode.swift; name = TalkView.swift; path = ../../../../../../../../Desktop/TalkView.swift; sourceTree = "<group>"; };
		857EFCDF2BD464620033ECEB /* TalkViewModel.swift */ = {isa = PBXFileReference; lastKnownFileType = sourcecode.swift; name = TalkViewModel.swift; path = ../../../../../../../../Desktop/TalkViewModel.swift; sourceTree = "<group>"; };
		85DBABD12BD39EAE004888E0 /* DatingSimulation.app */ = {isa = PBXFileReference; explicitFileType = wrapper.application; includeInIndex = 0; path = DatingSimulation.app; sourceTree = BUILT_PRODUCTS_DIR; };
		85DBABD42BD39EAE004888E0 /* DatingSimulationApp.swift */ = {isa = PBXFileReference; lastKnownFileType = sourcecode.swift; path = DatingSimulationApp.swift; sourceTree = "<group>"; };
		85DBABD62BD39EAE004888E0 /* ContentView.swift */ = {isa = PBXFileReference; lastKnownFileType = sourcecode.swift; path = ContentView.swift; sourceTree = "<group>"; };
		85DBABD82BD39EAF004888E0 /* Assets.xcassets */ = {isa = PBXFileReference; lastKnownFileType = folder.assetcatalog; path = Assets.xcassets; sourceTree = "<group>"; };
		85DBABDB2BD39EAF004888E0 /* Preview Assets.xcassets */ = {isa = PBXFileReference; lastKnownFileType = folder.assetcatalog; path = "Preview Assets.xcassets"; sourceTree = "<group>"; };
/* End PBXFileReference section */

/* Begin PBXFrameworksBuildPhase section */
		85DBABCE2BD39EAE004888E0 /* Frameworks */ = {
			isa = PBXFrameworksBuildPhase;
			buildActionMask = 2147483647;
			files = (
				857EFBCF2BD3BCD00033ECEB /* OpenTDS in Frameworks */,
				85DBABEC2BD3A11A004888E0 /* FlowKit in Frameworks */,
				85DBABE42BD3A061004888E0 /* Alamofire in Frameworks */,
			);
			runOnlyForDeploymentPostprocessing = 0;
		};
/* End PBXFrameworksBuildPhase section */

/* Begin PBXGroup section */
		857EFBD02BD3BCD50033ECEB /* Source */ = {
			isa = PBXGroup;
			children = (
				857EFBD32BD3C2100033ECEB /* Feature */,
			);
			path = Source;
			sourceTree = "<group>";
		};
		857EFBD12BD3BCDF0033ECEB /* Resource */ = {
			isa = PBXGroup;
			children = (
				857EFC862BD3FC480033ECEB /* Font */,
				85DBABD42BD39EAE004888E0 /* DatingSimulationApp.swift */,
				85DBABD62BD39EAE004888E0 /* ContentView.swift */,
				85DBABD82BD39EAF004888E0 /* Assets.xcassets */,
				85DBABDA2BD39EAF004888E0 /* Preview Content */,
			);
			path = Resource;
			sourceTree = "<group>";
		};
		857EFBD32BD3C2100033ECEB /* Feature */ = {
			isa = PBXGroup;
			children = (
				857EFC072BD3D6DC0033ECEB /* Component */,
				857EFBF02BD3C7BE0033ECEB /* Extension */,
				857EFC182BD3F0890033ECEB /* Sytle */,
				857EFBFF2BD3CD590033ECEB /* Flash */,
				857EFCA02BD4160A0033ECEB /* SetOtherUser */,
				857EFBD42BD3C6050033ECEB /* Main */,
				857EFBD72BD3C67D0033ECEB /* Home */,
				857EFBF52BD3CB4F0033ECEB /* Info */,
				857EFBF22BD3CABB0033ECEB /* RecodeChat */,
				857EFBF82BD3CBDA0033ECEB /* MyPage */,
			);
			path = Feature;
			sourceTree = "<group>";
		};
		857EFBD42BD3C6050033ECEB /* Main */ = {
			isa = PBXGroup;
			children = (
				857EFBD52BD3C6300033ECEB /* MainTabView.swift */,
			);
			path = Main;
			sourceTree = "<group>";
		};
		857EFBD72BD3C67D0033ECEB /* Home */ = {
			isa = PBXGroup;
			children = (
				857EFBD82BD3C6840033ECEB /* HomeView.swift */,
				857EFC0A2BD3DB230033ECEB /* HomeViewModel.swift */,
				857EFC0C2BD3DBA00033ECEB /* AfterChat.swift */,
			);
			path = Home;
			sourceTree = "<group>";
		};
		857EFBF02BD3C7BE0033ECEB /* Extension */ = {
			isa = PBXGroup;
			children = (
				857EFBEE2BD3C7660033ECEB /* Font.swift */,
				857EFC9D2BD415870033ECEB /* Text.swift */,
			);
			path = Extension;
			sourceTree = "<group>";
		};
		857EFBF22BD3CABB0033ECEB /* RecodeChat */ = {
			isa = PBXGroup;
			children = (
				857EFBF32BD3CAD70033ECEB /* RecodeChatView.swift */,
			);
			path = RecodeChat;
			sourceTree = "<group>";
		};
		857EFBF52BD3CB4F0033ECEB /* Info */ = {
			isa = PBXGroup;
			children = (
				857EFBF62BD3CBC20033ECEB /* InfoView.swift */,
			);
			path = Info;
			sourceTree = "<group>";
		};
		857EFBF82BD3CBDA0033ECEB /* MyPage */ = {
			isa = PBXGroup;
			children = (
				857EFBF92BD3CC110033ECEB /* MyPageView.swift */,
			);
			path = MyPage;
			sourceTree = "<group>";
		};
		857EFBFF2BD3CD590033ECEB /* Flash */ = {
			isa = PBXGroup;
			children = (
				857EFBFB2BD3CCA30033ECEB /* FlashView.swift */,
				857EFC0E2BD3EB3D0033ECEB /* SetName */,
				857EFC132BD3EBB70033ECEB /* SetAge */,
				857EFC912BD404860033ECEB /* SetGender */,
				857EFC982BD40D970033ECEB /* WantOtherUser */,
			);
			path = Flash;
			sourceTree = "<group>";
		};
		857EFC072BD3D6DC0033ECEB /* Component */ = {
			isa = PBXGroup;
			children = (
				857EFC082BD3D6FD0033ECEB /* CustomTextField.swift */,
			);
			path = Component;
			sourceTree = "<group>";
		};
		857EFC0E2BD3EB3D0033ECEB /* SetName */ = {
			isa = PBXGroup;
			children = (
				857EFC112BD3EB550033ECEB /* SetNameView.swift */,
				857EFC0F2BD3EB500033ECEB /* SetNameViewModel.swift */,
			);
			path = SetName;
			sourceTree = "<group>";
		};
		857EFC132BD3EBB70033ECEB /* SetAge */ = {
			isa = PBXGroup;
			children = (
				857EFC142BD3EBC70033ECEB /* SetAgeView.swift */,
				857EFC162BD3EBE90033ECEB /* SetAgeViewModel.swift */,
			);
			path = SetAge;
			sourceTree = "<group>";
		};
		857EFC182BD3F0890033ECEB /* Sytle */ = {
			isa = PBXGroup;
			children = (
				857EFC192BD3F09C0033ECEB /* CustomOreangeButtonStyle.swift */,
			);
			path = Sytle;
			sourceTree = "<group>";
		};
		857EFC862BD3FC480033ECEB /* Font */ = {
			isa = PBXGroup;
			children = (
				857EFC7D2BD3FC480033ECEB /* SUIT-Bold.ttf */,
				857EFC7E2BD3FC480033ECEB /* SUIT-ExtraBold.ttf */,
				857EFC7F2BD3FC480033ECEB /* SUIT-ExtraLight.ttf */,
				857EFC802BD3FC480033ECEB /* SUIT-Heavy.ttf */,
				857EFC812BD3FC480033ECEB /* SUIT-Light.ttf */,
				857EFC822BD3FC480033ECEB /* SUIT-Medium.ttf */,
				857EFC832BD3FC480033ECEB /* SUIT-Regular.ttf */,
				857EFC842BD3FC480033ECEB /* SUIT-SemiBold.ttf */,
				857EFC852BD3FC480033ECEB /* SUIT-Thin.ttf */,
			);
			name = Font;
			path = pretendard/Font;
			sourceTree = "<group>";
		};
		857EFC912BD404860033ECEB /* SetGender */ = {
			isa = PBXGroup;
			children = (
				857EFC922BD404930033ECEB /* SetGenderView.swift */,
				857EFC942BD404B30033ECEB /* SetGenderViewModel.swift */,
				857EFC962BD406030033ECEB /* AnimationMode.swift */,
			);
			path = SetGender;
			sourceTree = "<group>";
		};
		857EFC982BD40D970033ECEB /* WantOtherUser */ = {
			isa = PBXGroup;
			children = (
				857EFC992BD40DFF0033ECEB /* WantOtherUserView.swift */,
				857EFC9B2BD40EC10033ECEB /* WantOtherUserViewModel.swift */,
			);
			path = WantOtherUser;
			sourceTree = "<group>";
		};
		857EFCA02BD4160A0033ECEB /* SetOtherUser */ = {
			isa = PBXGroup;
			children = (
				857EFCE12BD46E3E0033ECEB /* FeedBack */,
				857EFCA72BD42FA30033ECEB /* SetOtherUserAge */,
				857EFCAB2BD42FC60033ECEB /* SetOtherUserGender */,
				857EFCB12BD430780033ECEB /* SetOtherUserMbti */,
				857EFCB92BD439020033ECEB /* SetOtherUserCurrentRelationship */,
				857EFCBE2BD439780033ECEB /* SetOtherUserDevelopDevelopRelationship */,
				857EFCC32BD439E80033ECEB /* WentPoliteWord */,
				857EFCCB2BD4532A0033ECEB /* Created */,
				857EFCD22BD45BE10033ECEB /* Talk */,
			);
			path = SetOtherUser;
			sourceTree = "<group>";
		};
		857EFCA72BD42FA30033ECEB /* SetOtherUserAge */ = {
			isa = PBXGroup;
			children = (
				857EFCAA2BD42FAB0033ECEB /* SetOtherUserAgeView.swift */,
				857EFCA82BD42FAB0033ECEB /* SetOtherUserAgeViewModel.swift */,
				857EFCA92BD42FAB0033ECEB /* SliderHendle.swift */,
			);
			path = SetOtherUserAge;
			sourceTree = "<group>";
		};
		857EFCAB2BD42FC60033ECEB /* SetOtherUserGender */ = {
			isa = PBXGroup;
			children = (
				857EFCAD2BD42FE90033ECEB /* SetOtherUserGenderView.swift */,
				857EFCAF2BD42FFA0033ECEB /* SetOtherUserGenderViewModel.swift */,
			);
			path = SetOtherUserGender;
			sourceTree = "<group>";
		};
		857EFCB12BD430780033ECEB /* SetOtherUserMbti */ = {
			isa = PBXGroup;
			children = (
				857EFCB22BD430930033ECEB /* SetOtherUserMbtiView.swift */,
				857EFCB42BD430A70033ECEB /* SetOtherUserMbtiViewModel.swift */,
			);
			path = SetOtherUserMbti;
			sourceTree = "<group>";
		};
		857EFCB92BD439020033ECEB /* SetOtherUserCurrentRelationship */ = {
			isa = PBXGroup;
			children = (
				857EFCBA2BD439530033ECEB /* SetOtherUserCurrentRelationshipView.swift */,
				857EFCBC2BD439640033ECEB /* SetOtherUserCurrentRelationshipViewModel.swift */,
			);
			path = SetOtherUserCurrentRelationship;
			sourceTree = "<group>";
		};
		857EFCBE2BD439780033ECEB /* SetOtherUserDevelopDevelopRelationship */ = {
			isa = PBXGroup;
			children = (
				857EFCBF2BD439BB0033ECEB /* SetOtherUserDevelopDevelopRelationshipView.swift */,
				857EFCC12BD439CD0033ECEB /* SetOtherUserDevelopDevelopRelationshipModel.swift */,
			);
			path = SetOtherUserDevelopDevelopRelationship;
			sourceTree = "<group>";
		};
		857EFCC32BD439E80033ECEB /* WentPoliteWord */ = {
			isa = PBXGroup;
			children = (
				857EFCC42BD43A1E0033ECEB /* WentPoliteWordView.swift */,
				857EFCC62BD43A250033ECEB /* WentPoliteWordViewModel.swift */,
				857EFCD82BD461D90033ECEB /* User.swift */,
				857EFCD92BD461D90033ECEB /* ChatId.swift */,
			);
			path = WentPoliteWord;
			sourceTree = "<group>";
		};
		857EFCCB2BD4532A0033ECEB /* Created */ = {
			isa = PBXGroup;
			children = (
				857EFCCC2BD4544D0033ECEB /* CreatedView.swift */,
				857EFCCE2BD454810033ECEB /* CreatedViewModel.swift */,
				857EFCD02BD455FC0033ECEB /* Created.swift */,
			);
			path = Created;
			sourceTree = "<group>";
		};
		857EFCD22BD45BE10033ECEB /* Talk */ = {
			isa = PBXGroup;
			children = (
				857EFCDC2BD4644C0033ECEB /* TalkView.swift */,
				857EFCDF2BD464620033ECEB /* TalkViewModel.swift */,
			);
			path = Talk;
			sourceTree = "<group>";
		};
		857EFCE12BD46E3E0033ECEB /* FeedBack */ = {
			isa = PBXGroup;
			children = (
				853561332BD47D6B00B688C3 /* FeedBackView.swift */,
			);
			path = FeedBack;
			sourceTree = "<group>";
		};
		85DBABC82BD39EAE004888E0 = {
			isa = PBXGroup;
			children = (
				85DBABD32BD39EAE004888E0 /* DatingSimulation */,
				85DBABD22BD39EAE004888E0 /* Products */,
			);
			sourceTree = "<group>";
		};
		85DBABD22BD39EAE004888E0 /* Products */ = {
			isa = PBXGroup;
			children = (
				85DBABD12BD39EAE004888E0 /* DatingSimulation.app */,
			);
			name = Products;
			sourceTree = "<group>";
		};
		85DBABD32BD39EAE004888E0 /* DatingSimulation */ = {
			isa = PBXGroup;
			children = (
				857EFC1C2BD3F5CB0033ECEB /* Info.plist */,
				857EFBD02BD3BCD50033ECEB /* Source */,
				857EFBD12BD3BCDF0033ECEB /* Resource */,
			);
			path = DatingSimulation;
			sourceTree = "<group>";
		};
		85DBABDA2BD39EAF004888E0 /* Preview Content */ = {
			isa = PBXGroup;
			children = (
				85DBABDB2BD39EAF004888E0 /* Preview Assets.xcassets */,
			);
			path = "Preview Content";
			sourceTree = "<group>";
		};
/* End PBXGroup section */

/* Begin PBXNativeTarget section */
		85DBABD02BD39EAE004888E0 /* DatingSimulation */ = {
			isa = PBXNativeTarget;
			buildConfigurationList = 85DBABDF2BD39EAF004888E0 /* Build configuration list for PBXNativeTarget "DatingSimulation" */;
			buildPhases = (
				85DBABCD2BD39EAE004888E0 /* Sources */,
				85DBABCE2BD39EAE004888E0 /* Frameworks */,
				85DBABCF2BD39EAE004888E0 /* Resources */,
			);
			buildRules = (
			);
			dependencies = (
			);
			name = DatingSimulation;
			packageProductDependencies = (
				85DBABE32BD3A061004888E0 /* Alamofire */,
				85DBABEB2BD3A11A004888E0 /* FlowKit */,
				857EFBCE2BD3BCD00033ECEB /* OpenTDS */,
			);
			productName = DatingSimulation;
			productReference = 85DBABD12BD39EAE004888E0 /* DatingSimulation.app */;
			productType = "com.apple.product-type.application";
		};
/* End PBXNativeTarget section */

/* Begin PBXProject section */
		85DBABC92BD39EAE004888E0 /* Project object */ = {
			isa = PBXProject;
			attributes = {
				BuildIndependentTargetsInParallel = 1;
				LastSwiftUpdateCheck = 1530;
				LastUpgradeCheck = 1530;
				TargetAttributes = {
					85DBABD02BD39EAE004888E0 = {
						CreatedOnToolsVersion = 15.3;
					};
				};
			};
			buildConfigurationList = 85DBABCC2BD39EAE004888E0 /* Build configuration list for PBXProject "DatingSimulation" */;
			compatibilityVersion = "Xcode 14.0";
			developmentRegion = en;
			hasScannedForEncodings = 0;
			knownRegions = (
				en,
				Base,
			);
			mainGroup = 85DBABC82BD39EAE004888E0;
			packageReferences = (
				85DBABE22BD3A061004888E0 /* XCRemoteSwiftPackageReference "Alamofire" */,
				85DBABEA2BD3A11A004888E0 /* XCRemoteSwiftPackageReference "FlowKit" */,
				857EFBCD2BD3BCD00033ECEB /* XCRemoteSwiftPackageReference "OpenTDS" */,
			);
			productRefGroup = 85DBABD22BD39EAE004888E0 /* Products */;
			projectDirPath = "";
			projectRoot = "";
			targets = (
				85DBABD02BD39EAE004888E0 /* DatingSimulation */,
			);
		};
/* End PBXProject section */

/* Begin PBXResourcesBuildPhase section */
		85DBABCF2BD39EAE004888E0 /* Resources */ = {
			isa = PBXResourcesBuildPhase;
			buildActionMask = 2147483647;
			files = (
				857EFC8A2BD3FC480033ECEB /* SUIT-ExtraLight.ttf in Resources */,
				857EFC8D2BD3FC480033ECEB /* SUIT-Medium.ttf in Resources */,
				857EFC8E2BD3FC480033ECEB /* SUIT-Regular.ttf in Resources */,
				857EFC8C2BD3FC480033ECEB /* SUIT-Light.ttf in Resources */,
				857EFC882BD3FC480033ECEB /* SUIT-Bold.ttf in Resources */,
				857EFC8B2BD3FC480033ECEB /* SUIT-Heavy.ttf in Resources */,
				857EFC902BD3FC480033ECEB /* SUIT-Thin.ttf in Resources */,
				857EFC8F2BD3FC480033ECEB /* SUIT-SemiBold.ttf in Resources */,
				85DBABDC2BD39EAF004888E0 /* Preview Assets.xcassets in Resources */,
				857EFC892BD3FC480033ECEB /* SUIT-ExtraBold.ttf in Resources */,
				85DBABD92BD39EAF004888E0 /* Assets.xcassets in Resources */,
			);
			runOnlyForDeploymentPostprocessing = 0;
		};
/* End PBXResourcesBuildPhase section */

/* Begin PBXSourcesBuildPhase section */
		85DBABCD2BD39EAE004888E0 /* Sources */ = {
			isa = PBXSourcesBuildPhase;
			buildActionMask = 2147483647;
			files = (
				857EFCB62BD434C60033ECEB /* SetOtherUserAgeView.swift in Sources */,
				857EFCB72BD434C60033ECEB /* SetOtherUserAgeViewModel.swift in Sources */,
				857EFCB82BD434C60033ECEB /* SliderHendle.swift in Sources */,
				857EFC952BD404B30033ECEB /* SetGenderViewModel.swift in Sources */,
				857EFCB32BD430930033ECEB /* SetOtherUserMbtiView.swift in Sources */,
				857EFC092BD3D6FD0033ECEB /* CustomTextField.swift in Sources */,
				857EFCC52BD43A1E0033ECEB /* WentPoliteWordView.swift in Sources */,
				857EFCB02BD42FFA0033ECEB /* SetOtherUserGenderViewModel.swift in Sources */,
				857EFCCD2BD4544D0033ECEB /* CreatedView.swift in Sources */,
				857EFCBB2BD439530033ECEB /* SetOtherUserCurrentRelationshipView.swift in Sources */,
				857EFC152BD3EBC70033ECEB /* SetAgeView.swift in Sources */,
				857EFC9C2BD40EC10033ECEB /* WantOtherUserViewModel.swift in Sources */,
				857EFCDB2BD461DA0033ECEB /* ChatId.swift in Sources */,
				85DBABD72BD39EAE004888E0 /* ContentView.swift in Sources */,
				857EFCE02BD464620033ECEB /* TalkViewModel.swift in Sources */,
				857EFCCF2BD454810033ECEB /* CreatedViewModel.swift in Sources */,
				857EFC9A2BD40DFF0033ECEB /* WantOtherUserView.swift in Sources */,
				857EFCB52BD430A70033ECEB /* SetOtherUserMbtiViewModel.swift in Sources */,
				857EFC172BD3EBE90033ECEB /* SetAgeViewModel.swift in Sources */,
				857EFBFA2BD3CC110033ECEB /* MyPageView.swift in Sources */,
				857EFBD92BD3C6840033ECEB /* HomeView.swift in Sources */,
				857EFBF42BD3CAD70033ECEB /* RecodeChatView.swift in Sources */,
				857EFBEF2BD3C7660033ECEB /* Font.swift in Sources */,
				857EFBD62BD3C6300033ECEB /* MainTabView.swift in Sources */,
				857EFCDD2BD4644C0033ECEB /* TalkView.swift in Sources */,
				857EFCAE2BD42FE90033ECEB /* SetOtherUserGenderView.swift in Sources */,
				857EFC0B2BD3DB230033ECEB /* HomeViewModel.swift in Sources */,
				857EFC9E2BD415870033ECEB /* Text.swift in Sources */,
				857EFCC72BD43A250033ECEB /* WentPoliteWordViewModel.swift in Sources */,
				857EFC122BD3EB550033ECEB /* SetNameView.swift in Sources */,
				857EFCBD2BD439640033ECEB /* SetOtherUserCurrentRelationshipViewModel.swift in Sources */,
				857EFC972BD406030033ECEB /* AnimationMode.swift in Sources */,
				857EFC932BD404930033ECEB /* SetGenderView.swift in Sources */,
				857EFC102BD3EB500033ECEB /* SetNameViewModel.swift in Sources */,
				857EFBFC2BD3CCA30033ECEB /* FlashView.swift in Sources */,
				857EFCD12BD455FC0033ECEB /* Created.swift in Sources */,
				85DBABD52BD39EAE004888E0 /* DatingSimulationApp.swift in Sources */,
				853561342BD47D6B00B688C3 /* FeedBackView.swift in Sources */,
				857EFBF72BD3CBC20033ECEB /* InfoView.swift in Sources */,
				857EFC1A2BD3F09C0033ECEB /* CustomOreangeButtonStyle.swift in Sources */,
				857EFC0D2BD3DBA00033ECEB /* AfterChat.swift in Sources */,
				857EFCC22BD439CD0033ECEB /* SetOtherUserDevelopDevelopRelationshipModel.swift in Sources */,
				857EFCC02BD439BB0033ECEB /* SetOtherUserDevelopDevelopRelationshipView.swift in Sources */,
				857EFCDA2BD461DA0033ECEB /* User.swift in Sources */,
			);
			runOnlyForDeploymentPostprocessing = 0;
		};
/* End PBXSourcesBuildPhase section */

/* Begin XCBuildConfiguration section */
		85DBABDD2BD39EAF004888E0 /* Debug */ = {
			isa = XCBuildConfiguration;
			buildSettings = {
				ALWAYS_SEARCH_USER_PATHS = NO;
				ASSETCATALOG_COMPILER_GENERATE_SWIFT_ASSET_SYMBOL_EXTENSIONS = YES;
				CLANG_ANALYZER_NONNULL = YES;
				CLANG_ANALYZER_NUMBER_OBJECT_CONVERSION = YES_AGGRESSIVE;
				CLANG_CXX_LANGUAGE_STANDARD = "gnu++20";
				CLANG_ENABLE_MODULES = YES;
				CLANG_ENABLE_OBJC_ARC = YES;
				CLANG_ENABLE_OBJC_WEAK = YES;
				CLANG_WARN_BLOCK_CAPTURE_AUTORELEASING = YES;
				CLANG_WARN_BOOL_CONVERSION = YES;
				CLANG_WARN_COMMA = YES;
				CLANG_WARN_CONSTANT_CONVERSION = YES;
				CLANG_WARN_DEPRECATED_OBJC_IMPLEMENTATIONS = YES;
				CLANG_WARN_DIRECT_OBJC_ISA_USAGE = YES_ERROR;
				CLANG_WARN_DOCUMENTATION_COMMENTS = YES;
				CLANG_WARN_EMPTY_BODY = YES;
				CLANG_WARN_ENUM_CONVERSION = YES;
				CLANG_WARN_INFINITE_RECURSION = YES;
				CLANG_WARN_INT_CONVERSION = YES;
				CLANG_WARN_NON_LITERAL_NULL_CONVERSION = YES;
				CLANG_WARN_OBJC_IMPLICIT_RETAIN_SELF = YES;
				CLANG_WARN_OBJC_LITERAL_CONVERSION = YES;
				CLANG_WARN_OBJC_ROOT_CLASS = YES_ERROR;
				CLANG_WARN_QUOTED_INCLUDE_IN_FRAMEWORK_HEADER = YES;
				CLANG_WARN_RANGE_LOOP_ANALYSIS = YES;
				CLANG_WARN_STRICT_PROTOTYPES = YES;
				CLANG_WARN_SUSPICIOUS_MOVE = YES;
				CLANG_WARN_UNGUARDED_AVAILABILITY = YES_AGGRESSIVE;
				CLANG_WARN_UNREACHABLE_CODE = YES;
				CLANG_WARN__DUPLICATE_METHOD_MATCH = YES;
				COPY_PHASE_STRIP = NO;
				DEBUG_INFORMATION_FORMAT = dwarf;
				ENABLE_STRICT_OBJC_MSGSEND = YES;
				ENABLE_TESTABILITY = YES;
				ENABLE_USER_SCRIPT_SANDBOXING = YES;
				GCC_C_LANGUAGE_STANDARD = gnu17;
				GCC_DYNAMIC_NO_PIC = NO;
				GCC_NO_COMMON_BLOCKS = YES;
				GCC_OPTIMIZATION_LEVEL = 0;
				GCC_PREPROCESSOR_DEFINITIONS = (
					"DEBUG=1",
					"$(inherited)",
				);
				GCC_WARN_64_TO_32_BIT_CONVERSION = YES;
				GCC_WARN_ABOUT_RETURN_TYPE = YES_ERROR;
				GCC_WARN_UNDECLARED_SELECTOR = YES;
				GCC_WARN_UNINITIALIZED_AUTOS = YES_AGGRESSIVE;
				GCC_WARN_UNUSED_FUNCTION = YES;
				GCC_WARN_UNUSED_VARIABLE = YES;
				GENERATE_INFOPLIST_FILE = YES;
				IPHONEOS_DEPLOYMENT_TARGET = 17.4;
				LOCALIZATION_PREFERS_STRING_CATALOGS = YES;
				MTL_ENABLE_DEBUG_INFO = INCLUDE_SOURCE;
				MTL_FAST_MATH = YES;
				ONLY_ACTIVE_ARCH = YES;
				SDKROOT = iphoneos;
				SWIFT_ACTIVE_COMPILATION_CONDITIONS = "DEBUG $(inherited)";
				SWIFT_OPTIMIZATION_LEVEL = "-Onone";
			};
			name = Debug;
		};
		85DBABDE2BD39EAF004888E0 /* Release */ = {
			isa = XCBuildConfiguration;
			buildSettings = {
				ALWAYS_SEARCH_USER_PATHS = NO;
				ASSETCATALOG_COMPILER_GENERATE_SWIFT_ASSET_SYMBOL_EXTENSIONS = YES;
				CLANG_ANALYZER_NONNULL = YES;
				CLANG_ANALYZER_NUMBER_OBJECT_CONVERSION = YES_AGGRESSIVE;
				CLANG_CXX_LANGUAGE_STANDARD = "gnu++20";
				CLANG_ENABLE_MODULES = YES;
				CLANG_ENABLE_OBJC_ARC = YES;
				CLANG_ENABLE_OBJC_WEAK = YES;
				CLANG_WARN_BLOCK_CAPTURE_AUTORELEASING = YES;
				CLANG_WARN_BOOL_CONVERSION = YES;
				CLANG_WARN_COMMA = YES;
				CLANG_WARN_CONSTANT_CONVERSION = YES;
				CLANG_WARN_DEPRECATED_OBJC_IMPLEMENTATIONS = YES;
				CLANG_WARN_DIRECT_OBJC_ISA_USAGE = YES_ERROR;
				CLANG_WARN_DOCUMENTATION_COMMENTS = YES;
				CLANG_WARN_EMPTY_BODY = YES;
				CLANG_WARN_ENUM_CONVERSION = YES;
				CLANG_WARN_INFINITE_RECURSION = YES;
				CLANG_WARN_INT_CONVERSION = YES;
				CLANG_WARN_NON_LITERAL_NULL_CONVERSION = YES;
				CLANG_WARN_OBJC_IMPLICIT_RETAIN_SELF = YES;
				CLANG_WARN_OBJC_LITERAL_CONVERSION = YES;
				CLANG_WARN_OBJC_ROOT_CLASS = YES_ERROR;
				CLANG_WARN_QUOTED_INCLUDE_IN_FRAMEWORK_HEADER = YES;
				CLANG_WARN_RANGE_LOOP_ANALYSIS = YES;
				CLANG_WARN_STRICT_PROTOTYPES = YES;
				CLANG_WARN_SUSPICIOUS_MOVE = YES;
				CLANG_WARN_UNGUARDED_AVAILABILITY = YES_AGGRESSIVE;
				CLANG_WARN_UNREACHABLE_CODE = YES;
				CLANG_WARN__DUPLICATE_METHOD_MATCH = YES;
				COPY_PHASE_STRIP = NO;
				DEBUG_INFORMATION_FORMAT = "dwarf-with-dsym";
				ENABLE_NS_ASSERTIONS = NO;
				ENABLE_STRICT_OBJC_MSGSEND = YES;
				ENABLE_USER_SCRIPT_SANDBOXING = YES;
				GCC_C_LANGUAGE_STANDARD = gnu17;
				GCC_NO_COMMON_BLOCKS = YES;
				GCC_WARN_64_TO_32_BIT_CONVERSION = YES;
				GCC_WARN_ABOUT_RETURN_TYPE = YES_ERROR;
				GCC_WARN_UNDECLARED_SELECTOR = YES;
				GCC_WARN_UNINITIALIZED_AUTOS = YES_AGGRESSIVE;
				GCC_WARN_UNUSED_FUNCTION = YES;
				GCC_WARN_UNUSED_VARIABLE = YES;
				GENERATE_INFOPLIST_FILE = YES;
				IPHONEOS_DEPLOYMENT_TARGET = 17.4;
				LOCALIZATION_PREFERS_STRING_CATALOGS = YES;
				MTL_ENABLE_DEBUG_INFO = NO;
				MTL_FAST_MATH = YES;
				SDKROOT = iphoneos;
				SWIFT_COMPILATION_MODE = wholemodule;
				VALIDATE_PRODUCT = YES;
			};
			name = Release;
		};
		85DBABE02BD39EAF004888E0 /* Debug */ = {
			isa = XCBuildConfiguration;
			buildSettings = {
				ASSETCATALOG_COMPILER_APPICON_NAME = AppIcon;
				ASSETCATALOG_COMPILER_GLOBAL_ACCENT_COLOR_NAME = AccentColor;
				CODE_SIGN_STYLE = Automatic;
				CURRENT_PROJECT_VERSION = 1;
				DEVELOPMENT_ASSET_PATHS = "\"DatingSimulation/Resource/Preview Content\"";
				DEVELOPMENT_TEAM = XCQRCQ3RAB;
				ENABLE_PREVIEWS = YES;
				GENERATE_INFOPLIST_FILE = YES;
				INFOPLIST_FILE = DatingSimulation/Info.plist;
				INFOPLIST_KEY_UIApplicationSceneManifest_Generation = YES;
				INFOPLIST_KEY_UIApplicationSupportsIndirectInputEvents = YES;
				INFOPLIST_KEY_UILaunchScreen_Generation = YES;
				INFOPLIST_KEY_UISupportedInterfaceOrientations_iPad = "UIInterfaceOrientationPortrait UIInterfaceOrientationPortraitUpsideDown UIInterfaceOrientationLandscapeLeft UIInterfaceOrientationLandscapeRight";
				INFOPLIST_KEY_UISupportedInterfaceOrientations_iPhone = "UIInterfaceOrientationPortrait UIInterfaceOrientationLandscapeLeft UIInterfaceOrientationLandscapeRight";
				LD_RUNPATH_SEARCH_PATHS = (
					"$(inherited)",
					"@executable_path/Frameworks",
				);
				MARKETING_VERSION = 1.0;
				PRODUCT_BUNDLE_IDENTIFIER = com.appjam.DatingSimulation.DatingSimulation;
				PRODUCT_NAME = "$(TARGET_NAME)";
				SWIFT_EMIT_LOC_STRINGS = YES;
				SWIFT_VERSION = 5.0;
				TARGETED_DEVICE_FAMILY = "1,2";
			};
			name = Debug;
		};
		85DBABE12BD39EAF004888E0 /* Release */ = {
			isa = XCBuildConfiguration;
			buildSettings = {
				ASSETCATALOG_COMPILER_APPICON_NAME = AppIcon;
				ASSETCATALOG_COMPILER_GLOBAL_ACCENT_COLOR_NAME = AccentColor;
				CODE_SIGN_STYLE = Automatic;
				CURRENT_PROJECT_VERSION = 1;
				DEVELOPMENT_ASSET_PATHS = "\"DatingSimulation/Resource/Preview Content\"";
				DEVELOPMENT_TEAM = XCQRCQ3RAB;
				ENABLE_PREVIEWS = YES;
				GENERATE_INFOPLIST_FILE = YES;
				INFOPLIST_FILE = DatingSimulation/Info.plist;
				INFOPLIST_KEY_UIApplicationSceneManifest_Generation = YES;
				INFOPLIST_KEY_UIApplicationSupportsIndirectInputEvents = YES;
				INFOPLIST_KEY_UILaunchScreen_Generation = YES;
				INFOPLIST_KEY_UISupportedInterfaceOrientations_iPad = "UIInterfaceOrientationPortrait UIInterfaceOrientationPortraitUpsideDown UIInterfaceOrientationLandscapeLeft UIInterfaceOrientationLandscapeRight";
				INFOPLIST_KEY_UISupportedInterfaceOrientations_iPhone = "UIInterfaceOrientationPortrait UIInterfaceOrientationLandscapeLeft UIInterfaceOrientationLandscapeRight";
				LD_RUNPATH_SEARCH_PATHS = (
					"$(inherited)",
					"@executable_path/Frameworks",
				);
				MARKETING_VERSION = 1.0;
				PRODUCT_BUNDLE_IDENTIFIER = com.appjam.DatingSimulation.DatingSimulation;
				PRODUCT_NAME = "$(TARGET_NAME)";
				SWIFT_EMIT_LOC_STRINGS = YES;
				SWIFT_VERSION = 5.0;
				TARGETED_DEVICE_FAMILY = "1,2";
			};
			name = Release;
		};
/* End XCBuildConfiguration section */

/* Begin XCConfigurationList section */
		85DBABCC2BD39EAE004888E0 /* Build configuration list for PBXProject "DatingSimulation" */ = {
			isa = XCConfigurationList;
			buildConfigurations = (
				85DBABDD2BD39EAF004888E0 /* Debug */,
				85DBABDE2BD39EAF004888E0 /* Release */,
			);
			defaultConfigurationIsVisible = 0;
			defaultConfigurationName = Release;
		};
		85DBABDF2BD39EAF004888E0 /* Build configuration list for PBXNativeTarget "DatingSimulation" */ = {
			isa = XCConfigurationList;
			buildConfigurations = (
				85DBABE02BD39EAF004888E0 /* Debug */,
				85DBABE12BD39EAF004888E0 /* Release */,
			);
			defaultConfigurationIsVisible = 0;
			defaultConfigurationName = Release;
		};
/* End XCConfigurationList section */

/* Begin XCRemoteSwiftPackageReference section */
		857EFBCD2BD3BCD00033ECEB /* XCRemoteSwiftPackageReference "OpenTDS" */ = {
			isa = XCRemoteSwiftPackageReference;
			repositoryURL = "https://github.com/Mercen-Lee/OpenTDS.git";
			requirement = {
				branch = main;
				kind = branch;
			};
		};
		85DBABE22BD3A061004888E0 /* XCRemoteSwiftPackageReference "Alamofire" */ = {
			isa = XCRemoteSwiftPackageReference;
			repositoryURL = "https://github.com/Alamofire/Alamofire";
			requirement = {
				kind = upToNextMajorVersion;
				minimumVersion = 5.9.1;
			};
		};
		85DBABEA2BD3A11A004888E0 /* XCRemoteSwiftPackageReference "FlowKit" */ = {
			isa = XCRemoteSwiftPackageReference;
			repositoryURL = "https://github.com/Mercen-Lee/FlowKit";
			requirement = {
				branch = main;
				kind = branch;
			};
		};
/* End XCRemoteSwiftPackageReference section */

/* Begin XCSwiftPackageProductDependency section */
		857EFBCE2BD3BCD00033ECEB /* OpenTDS */ = {
			isa = XCSwiftPackageProductDependency;
			package = 857EFBCD2BD3BCD00033ECEB /* XCRemoteSwiftPackageReference "OpenTDS" */;
			productName = OpenTDS;
		};
		85DBABE32BD3A061004888E0 /* Alamofire */ = {
			isa = XCSwiftPackageProductDependency;
			package = 85DBABE22BD3A061004888E0 /* XCRemoteSwiftPackageReference "Alamofire" */;
			productName = Alamofire;
		};
		85DBABEB2BD3A11A004888E0 /* FlowKit */ = {
			isa = XCSwiftPackageProductDependency;
			package = 85DBABEA2BD3A11A004888E0 /* XCRemoteSwiftPackageReference "FlowKit" */;
			productName = FlowKit;
		};
/* End XCSwiftPackageProductDependency section */
	};
	rootObject = 85DBABC92BD39EAE004888E0 /* Project object */;
}
